// !$*UTF8*$!
{
	archiveVersion = 1;
	classes = {
	};
	objectVersion = 46;
	objects = {

/* Begin PBXBuildFile section */
		3705B1571F30072500CF63BA /* TableViewController.swift in Sources */ = {isa = PBXBuildFile; fileRef = 3705B1561F30072500CF63BA /* TableViewController.swift */; };
		3705B1591F300B5500CF63BA /* CollectionViewController.swift in Sources */ = {isa = PBXBuildFile; fileRef = 3705B1581F300B5500CF63BA /* CollectionViewController.swift */; };
		3705B15B1F30111600CF63BA /* CollectionViewCell.swift in Sources */ = {isa = PBXBuildFile; fileRef = 3705B15A1F30111600CF63BA /* CollectionViewCell.swift */; };
		3705B15D1F30ECB500CF63BA /* TableViewCell.swift in Sources */ = {isa = PBXBuildFile; fileRef = 3705B15C1F30ECB500CF63BA /* TableViewCell.swift */; };
		370695D71F34F55000683D7D /* Main.storyboard in Resources */ = {isa = PBXBuildFile; fileRef = 370695D61F34F55000683D7D /* Main.storyboard */; };
		37102BA51F1D731800B68E5F /* MemeStruct.swift in Sources */ = {isa = PBXBuildFile; fileRef = 37102BA41F1D731800B68E5F /* MemeStruct.swift */; };
		376864AF1F16EE6800D5D266 /* AppDelegate.swift in Sources */ = {isa = PBXBuildFile; fileRef = 376864AE1F16EE6800D5D266 /* AppDelegate.swift */; };
		376864B11F16EE6800D5D266 /* ViewController.swift in Sources */ = {isa = PBXBuildFile; fileRef = 376864B01F16EE6800D5D266 /* ViewController.swift */; };
		376864B61F16EE6800D5D266 /* Assets.xcassets in Resources */ = {isa = PBXBuildFile; fileRef = 376864B51F16EE6800D5D266 /* Assets.xcassets */; };
		376864B91F16EE6800D5D266 /* LaunchScreen.storyboard in Resources */ = {isa = PBXBuildFile; fileRef = 376864B71F16EE6800D5D266 /* LaunchScreen.storyboard */; };
		376864C11F1836C400D5D266 /* TextFieldDelegate.swift in Sources */ = {isa = PBXBuildFile; fileRef = 376864C01F1836C400D5D266 /* TextFieldDelegate.swift */; };
/* End PBXBuildFile section */

/* Begin PBXFileReference section */
		3705B1561F30072500CF63BA /* TableViewController.swift */ = {isa = PBXFileReference; fileEncoding = 4; lastKnownFileType = sourcecode.swift; path = TableViewController.swift; sourceTree = "<group>"; };
		3705B1581F300B5500CF63BA /* CollectionViewController.swift */ = {isa = PBXFileReference; fileEncoding = 4; lastKnownFileType = sourcecode.swift; path = CollectionViewController.swift; sourceTree = "<group>"; };
		3705B15A1F30111600CF63BA /* CollectionViewCell.swift */ = {isa = PBXFileReference; fileEncoding = 4; lastKnownFileType = sourcecode.swift; path = CollectionViewCell.swift; sourceTree = "<group>"; };
		3705B15C1F30ECB500CF63BA /* TableViewCell.swift */ = {isa = PBXFileReference; fileEncoding = 4; lastKnownFileType = sourcecode.swift; path = TableViewCell.swift; sourceTree = "<group>"; };
		370695D61F34F55000683D7D /* Main.storyboard */ = {isa = PBXFileReference; fileEncoding = 4; lastKnownFileType = file.storyboard; path = Main.storyboard; sourceTree = "<group>"; };
		37102BA41F1D731800B68E5F /* MemeStruct.swift */ = {isa = PBXFileReference; fileEncoding = 4; lastKnownFileType = sourcecode.swift; path = MemeStruct.swift; sourceTree = "<group>"; };
		376864AB1F16EE6800D5D266 /* MemeMe.app */ = {isa = PBXFileReference; explicitFileType = wrapper.application; includeInIndex = 0; path = MemeMe.app; sourceTree = BUILT_PRODUCTS_DIR; };
		376864AE1F16EE6800D5D266 /* AppDelegate.swift */ = {isa = PBXFileReference; lastKnownFileType = sourcecode.swift; path = AppDelegate.swift; sourceTree = "<group>"; };
		376864B01F16EE6800D5D266 /* ViewController.swift */ = {isa = PBXFileReference; lastKnownFileType = sourcecode.swift; path = ViewController.swift; sourceTree = "<group>"; };
		376864B51F16EE6800D5D266 /* Assets.xcassets */ = {isa = PBXFileReference; lastKnownFileType = folder.assetcatalog; path = Assets.xcassets; sourceTree = "<group>"; };
		376864B81F16EE6800D5D266 /* Base */ = {isa = PBXFileReference; lastKnownFileType = file.storyboard; name = Base; path = Base.lproj/LaunchScreen.storyboard; sourceTree = "<group>"; };
		376864BA1F16EE6800D5D266 /* Info.plist */ = {isa = PBXFileReference; lastKnownFileType = text.plist.xml; path = Info.plist; sourceTree = "<group>"; };
		376864C01F1836C400D5D266 /* TextFieldDelegate.swift */ = {isa = PBXFileReference; fileEncoding = 4; lastKnownFileType = sourcecode.swift; path = TextFieldDelegate.swift; sourceTree = "<group>"; };
/* End PBXFileReference section */

/* Begin PBXFrameworksBuildPhase section */
		376864A81F16EE6800D5D266 /* Frameworks */ = {
			isa = PBXFrameworksBuildPhase;
			buildActionMask = 2147483647;
			files = (
			);
			runOnlyForDeploymentPostprocessing = 0;
		};
/* End PBXFrameworksBuildPhase section */

/* Begin PBXGroup section */
		376864A21F16EE6800D5D266 = {
			isa = PBXGroup;
			children = (
				376864AD1F16EE6800D5D266 /* MemeMe */,
				376864AC1F16EE6800D5D266 /* Products */,
			);
			sourceTree = "<group>";
		};
		376864AC1F16EE6800D5D266 /* Products */ = {
			isa = PBXGroup;
			children = (
				376864AB1F16EE6800D5D266 /* MemeMe.app */,
			);
			name = Products;
			sourceTree = "<group>";
		};
		376864AD1F16EE6800D5D266 /* MemeMe */ = {
			isa = PBXGroup;
			children = (
				376864AE1F16EE6800D5D266 /* AppDelegate.swift */,
				376864B01F16EE6800D5D266 /* ViewController.swift */,
				3705B15A1F30111600CF63BA /* CollectionViewCell.swift */,
				3705B1581F300B5500CF63BA /* CollectionViewController.swift */,
				3705B1561F30072500CF63BA /* TableViewController.swift */,
				3705B15C1F30ECB500CF63BA /* TableViewCell.swift */,
				370695D61F34F55000683D7D /* Main.storyboard */,
				376864C01F1836C400D5D266 /* TextFieldDelegate.swift */,
				37102BA41F1D731800B68E5F /* MemeStruct.swift */,
				376864B51F16EE6800D5D266 /* Assets.xcassets */,
				376864B71F16EE6800D5D266 /* LaunchScreen.storyboard */,
				376864BA1F16EE6800D5D266 /* Info.plist */,
			);
			path = MemeMe;
			sourceTree = "<group>";
		};
/* End PBXGroup section */

/* Begin PBXNativeTarget section */
		376864AA1F16EE6800D5D266 /* MemeMe */ = {
			isa = PBXNativeTarget;
			buildConfigurationList = 376864BD1F16EE6800D5D266 /* Build configuration list for PBXNativeTarget "MemeMe" */;
			buildPhases = (
				376864A71F16EE6800D5D266 /* Sources */,
				376864A81F16EE6800D5D266 /* Frameworks */,
				376864A91F16EE6800D5D266 /* Resources */,
			);
			buildRules = (
			);
			dependencies = (
			);
			name = MemeMe;
			productName = MemeMe;
			productReference = 376864AB1F16EE6800D5D266 /* MemeMe.app */;
			productType = "com.apple.product-type.application";
		};
/* End PBXNativeTarget section */

/* Begin PBXProject section */
		376864A31F16EE6800D5D266 /* Project object */ = {
			isa = PBXProject;
			attributes = {
				LastSwiftUpdateCheck = 0820;
				LastUpgradeCheck = 0820;
				ORGANIZATIONNAME = "Tomas Sidenfaden";
				TargetAttributes = {
					376864AA1F16EE6800D5D266 = {
						CreatedOnToolsVersion = 8.2.1;
						DevelopmentTeam = 7Q9W2X5558;
						ProvisioningStyle = Automatic;
					};
				};
			};
			buildConfigurationList = 376864A61F16EE6800D5D266 /* Build configuration list for PBXProject "MemeMe" */;
			compatibilityVersion = "Xcode 3.2";
			developmentRegion = English;
			hasScannedForEncodings = 0;
			knownRegions = (
				en,
				Base,
			);
			mainGroup = 376864A21F16EE6800D5D266;
			productRefGroup = 376864AC1F16EE6800D5D266 /* Products */;
			projectDirPath = "";
			projectRoot = "";
			targets = (
				376864AA1F16EE6800D5D266 /* MemeMe */,
			);
		};
/* End PBXProject section */

/* Begin PBXResourcesBuildPhase section */
		376864A91F16EE6800D5D266 /* Resources */ = {
			isa = PBXResourcesBuildPhase;
			buildActionMask = 2147483647;
			files = (
				370695D71F34F55000683D7D /* Main.storyboard in Resources */,
				376864B91F16EE6800D5D266 /* LaunchScreen.storyboard in Resources */,
				376864B61F16EE6800D5D266 /* Assets.xcassets in Resources */,
			);
			runOnlyForDeploymentPostprocessing = 0;
		};
/* End PBXResourcesBuildPhase section */

/* Begin PBXSourcesBuildPhase section */
		376864A71F16EE6800D5D266 /* Sources */ = {
			isa = PBXSourcesBuildPhase;
			buildActionMask = 2147483647;
			files = (
				3705B1591F300B5500CF63BA /* CollectionViewController.swift in Sources */,
				3705B15D1F30ECB500CF63BA /* TableViewCell.swift in Sources */,
				376864C11F1836C400D5D266 /* TextFieldDelegate.swift in Sources */,
				376864B11F16EE6800D5D266 /* ViewController.swift in Sources */,
				3705B15B1F30111600CF63BA /* CollectionViewCell.swift in Sources */,
				37102BA51F1D731800B68E5F /* MemeStruct.swift in Sources */,
				3705B1571F30072500CF63BA /* TableViewController.swift in Sources */,
				376864AF1F16EE6800D5D266 /* AppDelegate.swift in Sources */,
			);
			runOnlyForDeploymentPostprocessing = 0;
		};
/* End PBXSourcesBuildPhase section */

/* Begin PBXVariantGroup section */
		376864B71F16EE6800D5D266 /* LaunchScreen.storyboard */ = {
			isa = PBXVariantGroup;
			children = (
				376864B81F16EE6800D5D266 /* Base */,
			);
			name = LaunchScreen.storyboard;
			sourceTree = "<group>";
		};
/* End PBXVariantGroup section */

/* Begin XCBuildConfiguration section */
		376864BB1F16EE6800D5D266 /* Debug */ = {
			isa = XCBuildConfiguration;
			buildSettings = {
				ALWAYS_SEARCH_USER_PATHS = NO;
				CLANG_ANALYZER_NONNULL = YES;
				CLANG_CXX_LANGUAGE_STANDARD = "gnu++0x";
				CLANG_CXX_LIBRARY = "libc++";
				CLANG_ENABLE_MODULES = YES;
				CLANG_ENABLE_OBJC_ARC = YES;
				CLANG_WARN_BOOL_CONVERSION = YES;
				CLANG_WARN_CONSTANT_CONVERSION = YES;
				CLANG_WARN_DIRECT_OBJC_ISA_USAGE = YES_ERROR;
				CLANG_WARN_DOCUMENTATION_COMMENTS = YES;
				CLANG_WARN_EMPTY_BODY = YES;
				CLANG_WARN_ENUM_CONVERSION = YES;
				CLANG_WARN_INFINITE_RECURSION = YES;
				CLANG_WARN_INT_CONVERSION = YES;
				CLANG_WARN_OBJC_ROOT_CLASS = YES_ERROR;
				CLANG_WARN_SUSPICIOUS_MOVE = YES;
				CLANG_WARN_UNREACHABLE_CODE = YES;
				CLANG_WARN__DUPLICATE_METHOD_MATCH = YES;
				"CODE_SIGN_IDENTITY[sdk=iphoneos*]" = "iPhone Developer";
				COPY_PHASE_STRIP = NO;
				DEBUG_INFORMATION_FORMAT = dwarf;
				ENABLE_STRICT_OBJC_MSGSEND = YES;
				ENABLE_TESTABILITY = YES;
				GCC_C_LANGUAGE_STANDARD = gnu99;
				GCC_DYNAMIC_NO_PIC = NO;
				GCC_NO_COMMON_BLOCKS = YES;
				GCC_OPTIMIZATION_LEVEL = 0;
				GCC_PREPROCESSOR_DEFINITIONS = (
					"DEBUG=1",
					"$(inherited)",
				);
				GCC_WARN_64_TO_32_BIT_CONVERSION = YES;
				GCC_WARN_ABOUT_RETURN_TYPE = YES_ERROR;
				GCC_WARN_UNDECLARED_SELECTOR = YES;
				GCC_WARN_UNINITIALIZED_AUTOS = YES_AGGRESSIVE;
				GCC_WARN_UNUSED_FUNCTION = YES;
				GCC_WARN_UNUSED_VARIABLE = YES;
				IPHONEOS_DEPLOYMENT_TARGET = 10.2;
				MTL_ENABLE_DEBUG_INFO = YES;
				ONLY_ACTIVE_ARCH = YES;
				SDKROOT = iphoneos;
				SWIFT_ACTIVE_COMPILATION_CONDITIONS = DEBUG;
				SWIFT_OPTIMIZATION_LEVEL = "-Onone";
			};
			name = Debug;
		};
		376864BC1F16EE6800D5D266 /* Release */ = {
			isa = XCBuildConfiguration;
			buildSettings = {
				ALWAYS_SEARCH_USER_PATHS = NO;
				CLANG_ANALYZER_NONNULL = YES;
				CLANG_CXX_LANGUAGE_STANDARD = "gnu++0x";
				CLANG_CXX_LIBRARY = "libc++";
				CLANG_ENABLE_MODULES = YES;
				CLANG_ENABLE_OBJC_ARC = YES;
				CLANG_WARN_BOOL_CONVERSION = YES;
				CLANG_WARN_CONSTANT_CONVERSION = YES;
				CLANG_WARN_DIRECT_OBJC_ISA_USAGE = YES_ERROR;
				CLANG_WARN_DOCUMENTATION_COMMENTS = YES;
				CLANG_WARN_EMPTY_BODY = YES;
				CLANG_WARN_ENUM_CONVERSION = YES;
				CLANG_WARN_INFINITE_RECURSION = YES;
				CLANG_WARN_INT_CONVERSION = YES;
				CLANG_WARN_OBJC_ROOT_CLASS = YES_ERROR;
				CLANG_WARN_SUSPICIOUS_MOVE = YES;
				CLANG_WARN_UNREACHABLE_CODE = YES;
				CLANG_WARN__DUPLICATE_METHOD_MATCH = YES;
				"CODE_SIGN_IDENTITY[sdk=iphoneos*]" = "iPhone Developer";
				COPY_PHASE_STRIP = NO;
				DEBUG_INFORMATION_FORMAT = "dwarf-with-dsym";
				ENABLE_NS_ASSERTIONS = NO;
				ENABLE_STRICT_OBJC_MSGSEND = YES;
				GCC_C_LANGUAGE_STANDARD = gnu99;
				GCC_NO_COMMON_BLOCKS = YES;
				GCC_WARN_64_TO_32_BIT_CONVERSION = YES;
				GCC_WARN_ABOUT_RETURN_TYPE = YES_ERROR;
				GCC_WARN_UNDECLARED_SELECTOR = YES;
				GCC_WARN_UNINITIALIZED_AUTOS = YES_AGGRESSIVE;
				GCC_WARN_UNUSED_FUNCTION = YES;
				GCC_WARN_UNUSED_VARIABLE = YES;
				IPHONEOS_DEPLOYMENT_TARGET = 10.2;
				MTL_ENABLE_DEBUG_INFO = NO;
				SDKROOT = iphoneos;
				SWIFT_OPTIMIZATION_LEVEL = "-Owholemodule";
				VALIDATE_PRODUCT = YES;
			};
			name = Release;
		};
		376864BE1F16EE6800D5D266 /* Debug */ = {
			isa = XCBuildConfiguration;
			buildSettings = {
				ASSETCATALOG_COMPILER_APPICON_NAME = AppIcon;
				DEVELOPMENT_TEAM = 7Q9W2X5558;
				INFOPLIST_FILE = MemeMe/Info.plist;
				LD_RUNPATH_SEARCH_PATHS = "$(inherited) @executable_path/Frameworks";
				PRODUCT_BUNDLE_IDENTIFIER = Com.hogotron.MemeMe;
				PRODUCT_NAME = "$(TARGET_NAME)";
				SWIFT_VERSION = 3.0;
			};
			name = Debug;
		};
		376864BF1F16EE6800D5D266 /* Release */ = {
			isa = XCBuildConfiguration;
			buildSettings = {
				ASSETCATALOG_COMPILER_APPICON_NAME = AppIcon;
				DEVELOPMENT_TEAM = 7Q9W2X5558;
				INFOPLIST_FILE = MemeMe/Info.plist;
				LD_RUNPATH_SEARCH_PATHS = "$(inherited) @executable_path/Frameworks";
				PRODUCT_BUNDLE_IDENTIFIER = Com.hogotron.MemeMe;
				PRODUCT_NAME = "$(TARGET_NAME)";
				SWIFT_VERSION = 3.0;
			};
			name = Release;
		};
/* End XCBuildConfiguration section */

/* Begin XCConfigurationList section */
		376864A61F16EE6800D5D266 /* Build configuration list for PBXProject "MemeMe" */ = {
			isa = XCConfigurationList;
			buildConfigurations = (
				376864BB1F16EE6800D5D266 /* Debug */,
				376864BC1F16EE6800D5D266 /* Release */,
			);
			defaultConfigurationIsVisible = 0;
			defaultConfigurationName = Release;
		};
		376864BD1F16EE6800D5D266 /* Build configuration list for PBXNativeTarget "MemeMe" */ = {
			isa = XCConfigurationList;
			buildConfigurations = (
				376864BE1F16EE6800D5D266 /* Debug */,
				376864BF1F16EE6800D5D266 /* Release */,
			);
			defaultConfigurationIsVisible = 0;
			defaultConfigurationName = Release;
		};
/* End XCConfigurationList section */
	};
	rootObject = 376864A31F16EE6800D5D266 /* Project object */;
}
